<Solution>
  <Project Path="BrewedInk.MarkdownSupport.Samples.EditorCommon.csproj" />
  <Project Path="BrewedInk.MarkdownSupport.csproj" />
  <Project Path="BrewedInk.MarkdownSupport.Editor.csproj" />
  <Project Path="Assembly-CSharp.csproj" />
  <Project Path="BrewedInk.MarkdownSupport.Samples.Editor.csproj" />
  <Project Path="BrewedInk.MarkdownSupport.Samples.Runtime.csproj" />
</Solution>
